
Microsoft Visual Studio Solution File, Format Version 12.00
# Visual Studio Version 16
VisualStudioVersion = 16.0.31402.337
MinimumVisualStudioVersion = 10.0.40219.1
Project("{FAE04EC0-301F-11D3-BF4B-00C04F79EFBC}") = "RapidPayAPI", "RapidPayAPI\RapidPayAPI.csproj", "{32103236-9D50-45AE-931F-6902E70F5BC7}"
EndProject
Project("{FAE04EC0-301F-11D3-BF4B-00C04F79EFBC}") = "RapidPay.Data", "RapidPay.Data\RapidPay.Data.csproj", "{411EB5E9-F545-4DA2-900E-2B7519125B06}"
EndProject
Project("{2150E333-8FDC-42A3-9474-1A3956D46DE8}") = "Solution Items", "Solution Items", "{57F21597-2E4D-4DC1-8BCC-E3E39856DECE}"
	ProjectSection(SolutionItems) = preProject
		Authorization.postman_collection.json = Authorization.postman_collection.json
		CardManagement.postman_collection.json = CardManagement.postman_collection.json
		Database.sql = Database.sql
		README.txt = README.txt
		Security.postman_collection.json = Security.postman_collection.json
		UATP_RapidPay_CodeTest.pdf = UATP_RapidPay_CodeTest.pdf
	EndProjectSection
EndProject
Global
	GlobalSection(SolutionConfigurationPlatforms) = preSolution
		Debug|Any CPU = Debug|Any CPU
		Release|Any CPU = Release|Any CPU
	EndGlobalSection
	GlobalSection(ProjectConfigurationPlatforms) = postSolution
		{32103236-9D50-45AE-931F-6902E70F5BC7}.Debug|Any CPU.ActiveCfg = Debug|Any CPU
		{32103236-9D50-45AE-931F-6902E70F5BC7}.Debug|Any CPU.Build.0 = Debug|Any CPU
		{32103236-9D50-45AE-931F-6902E70F5BC7}.Release|Any CPU.ActiveCfg = Release|Any CPU
		{32103236-9D50-45AE-931F-6902E70F5BC7}.Release|Any CPU.Build.0 = Release|Any CPU
		{411EB5E9-F545-4DA2-900E-2B7519125B06}.Debug|Any CPU.ActiveCfg = Debug|Any CPU
		{411EB5E9-F545-4DA2-900E-2B7519125B06}.Debug|Any CPU.Build.0 = Debug|Any CPU
		{411EB5E9-F545-4DA2-900E-2B7519125B06}.Release|Any CPU.ActiveCfg = Release|Any CPU
		{411EB5E9-F545-4DA2-900E-2B7519125B06}.Release|Any CPU.Build.0 = Release|Any CPU
	EndGlobalSection
	GlobalSection(SolutionProperties) = preSolution
		HideSolutionNode = FALSE
	EndGlobalSection
	GlobalSection(ExtensibilityGlobals) = postSolution
		SolutionGuid = {BF7C9E0C-C45F-4E87-B642-DEE2364AF320}
	EndGlobalSection
EndGlobal
